
Microsoft Visual Studio Solution File, Format Version 12.00
# Visual Studio Version 17
VisualStudioVersion = 17.3.32811.315
MinimumVisualStudioVersion = 10.0.40219.1
Project("{FAE04EC0-301F-11D3-BF4B-00C04F79EFBC}") = "MemberClaim", "MemberClaim.csproj", "{C2F3686F-17C8-4E1C-A011-2E328B7531EE}"
EndProject
Project("{FAE04EC0-301F-11D3-BF4B-00C04F79EFBC}") = "ClaimServices", "..\ClaimServices\ClaimServices.csproj", "{37E03A52-882B-405A-B891-761B8AC214D1}"
EndProject
Project("{FAE04EC0-301F-11D3-BF4B-00C04F79EFBC}") = "MemberTest", "..\MemberTest\MemberTest.csproj", "{FAAC77E1-E618-418E-9C7B-BA725DF7A7C3}"
EndProject
Project("{FAE04EC0-301F-11D3-BF4B-00C04F79EFBC}") = "MemberClaimFunction", "..\MemberClaimFunction\MemberClaimFunction.csproj", "{80C54468-EB1D-4E03-A60F-1AD128E5FFD9}"
EndProject
Global
	GlobalSection(SolutionConfigurationPlatforms) = preSolution
		Debug|Any CPU = Debug|Any CPU
		Release|Any CPU = Release|Any CPU
	EndGlobalSection
	GlobalSection(ProjectConfigurationPlatforms) = postSolution
		{C2F3686F-17C8-4E1C-A011-2E328B7531EE}.Debug|Any CPU.ActiveCfg = Debug|Any CPU
		{C2F3686F-17C8-4E1C-A011-2E328B7531EE}.Debug|Any CPU.Build.0 = Debug|Any CPU
		{C2F3686F-17C8-4E1C-A011-2E328B7531EE}.Release|Any CPU.ActiveCfg = Release|Any CPU
		{C2F3686F-17C8-4E1C-A011-2E328B7531EE}.Release|Any CPU.Build.0 = Release|Any CPU
		{37E03A52-882B-405A-B891-761B8AC214D1}.Debug|Any CPU.ActiveCfg = Debug|Any CPU
		{37E03A52-882B-405A-B891-761B8AC214D1}.Debug|Any CPU.Build.0 = Debug|Any CPU
		{37E03A52-882B-405A-B891-761B8AC214D1}.Release|Any CPU.ActiveCfg = Release|Any CPU
		{37E03A52-882B-405A-B891-761B8AC214D1}.Release|Any CPU.Build.0 = Release|Any CPU
		{FAAC77E1-E618-418E-9C7B-BA725DF7A7C3}.Debug|Any CPU.ActiveCfg = Debug|Any CPU
		{FAAC77E1-E618-418E-9C7B-BA725DF7A7C3}.Debug|Any CPU.Build.0 = Debug|Any CPU
		{FAAC77E1-E618-418E-9C7B-BA725DF7A7C3}.Release|Any CPU.ActiveCfg = Release|Any CPU
		{FAAC77E1-E618-418E-9C7B-BA725DF7A7C3}.Release|Any CPU.Build.0 = Release|Any CPU
		{80C54468-EB1D-4E03-A60F-1AD128E5FFD9}.Debug|Any CPU.ActiveCfg = Debug|Any CPU
		{80C54468-EB1D-4E03-A60F-1AD128E5FFD9}.Debug|Any CPU.Build.0 = Debug|Any CPU
		{80C54468-EB1D-4E03-A60F-1AD128E5FFD9}.Release|Any CPU.ActiveCfg = Release|Any CPU
		{80C54468-EB1D-4E03-A60F-1AD128E5FFD9}.Release|Any CPU.Build.0 = Release|Any CPU
	EndGlobalSection
	GlobalSection(SolutionProperties) = preSolution
		HideSolutionNode = FALSE
	EndGlobalSection
	GlobalSection(ExtensibilityGlobals) = postSolution
		SolutionGuid = {5BC7B6E6-B555-4DBC-8EA3-A11B3976A253}
	EndGlobalSection
EndGlobal
